PODS:
  - MVTabBarSlider (0.1.0):
    - PureLayout
  - PureLayout (2.0.5)

DEPENDENCIES:
  - MVTabBarSlider (from `../`)

EXTERNAL SOURCES:
  MVTabBarSlider:
    :path: ../

SPEC CHECKSUMS:
  MVTabBarSlider: 361e7715056933d4cc3d42cf61b136f9974c9dfa
  PureLayout: 63a3257320223e8edddcd3afb407445f85a6bf74

COCOAPODS: 0.36.0
